// !$*UTF8*$!
{
	archiveVersion = 1;
	classes = {
	};
	objectVersion = 50;
	objects = {

/* Begin PBXBuildFile section */
		3B91ACD12600D0220040A71A /* AppDelegate.swift in Sources */ = {isa = PBXBuildFile; fileRef = 3B91ACD02600D0220040A71A /* AppDelegate.swift */; };
		3B91ACD32600D0220040A71A /* SceneDelegate.swift in Sources */ = {isa = PBXBuildFile; fileRef = 3B91ACD22600D0220040A71A /* SceneDelegate.swift */; };
		3B91ACD52600D0220040A71A /* MainVC.swift in Sources */ = {isa = PBXBuildFile; fileRef = 3B91ACD42600D0220040A71A /* MainVC.swift */; };
		3B91ACD82600D0220040A71A /* Main.storyboard in Resources */ = {isa = PBXBuildFile; fileRef = 3B91ACD62600D0220040A71A /* Main.storyboard */; };
		3B91ACDA2600D0240040A71A /* Assets.xcassets in Resources */ = {isa = PBXBuildFile; fileRef = 3B91ACD92600D0240040A71A /* Assets.xcassets */; };
		3B91ACDD2600D0240040A71A /* LaunchScreen.storyboard in Resources */ = {isa = PBXBuildFile; fileRef = 3B91ACDB2600D0240040A71A /* LaunchScreen.storyboard */; };
		3B91ACE72600D0B50040A71A /* CurrencyTxtField.swift in Sources */ = {isa = PBXBuildFile; fileRef = 3B91ACE62600D0B50040A71A /* CurrencyTxtField.swift */; };
/* End PBXBuildFile section */

/* Begin PBXFileReference section */
		3B91ACCD2600D0220040A71A /* window-shopper1.app */ = {isa = PBXFileReference; explicitFileType = wrapper.application; includeInIndex = 0; path = "window-shopper1.app"; sourceTree = BUILT_PRODUCTS_DIR; };
		3B91ACD02600D0220040A71A /* AppDelegate.swift */ = {isa = PBXFileReference; lastKnownFileType = sourcecode.swift; path = AppDelegate.swift; sourceTree = "<group>"; };
		3B91ACD22600D0220040A71A /* SceneDelegate.swift */ = {isa = PBXFileReference; lastKnownFileType = sourcecode.swift; path = SceneDelegate.swift; sourceTree = "<group>"; };
		3B91ACD42600D0220040A71A /* MainVC.swift */ = {isa = PBXFileReference; lastKnownFileType = sourcecode.swift; path = MainVC.swift; sourceTree = "<group>"; };
		3B91ACD72600D0220040A71A /* Base */ = {isa = PBXFileReference; lastKnownFileType = file.storyboard; name = Base; path = Base.lproj/Main.storyboard; sourceTree = "<group>"; };
		3B91ACD92600D0240040A71A /* Assets.xcassets */ = {isa = PBXFileReference; lastKnownFileType = folder.assetcatalog; path = Assets.xcassets; sourceTree = "<group>"; };
		3B91ACDC2600D0240040A71A /* Base */ = {isa = PBXFileReference; lastKnownFileType = file.storyboard; name = Base; path = Base.lproj/LaunchScreen.storyboard; sourceTree = "<group>"; };
		3B91ACDE2600D0240040A71A /* Info.plist */ = {isa = PBXFileReference; lastKnownFileType = text.plist.xml; path = Info.plist; sourceTree = "<group>"; };
		3B91ACE62600D0B50040A71A /* CurrencyTxtField.swift */ = {isa = PBXFileReference; lastKnownFileType = sourcecode.swift; path = CurrencyTxtField.swift; sourceTree = "<group>"; };
/* End PBXFileReference section */

/* Begin PBXFrameworksBuildPhase section */
		3B91ACCA2600D0220040A71A /* Frameworks */ = {
			isa = PBXFrameworksBuildPhase;
			buildActionMask = 2147483647;
			files = (
			);
			runOnlyForDeploymentPostprocessing = 0;
		};
/* End PBXFrameworksBuildPhase section */

/* Begin PBXGroup section */
		3B91ACC42600D0220040A71A = {
			isa = PBXGroup;
			children = (
				3B91ACCF2600D0220040A71A /* window-shopper1 */,
				3B91ACCE2600D0220040A71A /* Products */,
			);
			sourceTree = "<group>";
		};
		3B91ACCE2600D0220040A71A /* Products */ = {
			isa = PBXGroup;
			children = (
				3B91ACCD2600D0220040A71A /* window-shopper1.app */,
			);
			name = Products;
			sourceTree = "<group>";
		};
		3B91ACCF2600D0220040A71A /* window-shopper1 */ = {
			isa = PBXGroup;
			children = (
				3B91ACE52600D0930040A71A /* Views */,
				3B91ACE92600D18F0040A71A /* Controller */,
				3B91ACD02600D0220040A71A /* AppDelegate.swift */,
				3B91ACD22600D0220040A71A /* SceneDelegate.swift */,
				3B91ACD62600D0220040A71A /* Main.storyboard */,
				3B91ACD92600D0240040A71A /* Assets.xcassets */,
				3B91ACDB2600D0240040A71A /* LaunchScreen.storyboard */,
				3B91ACDE2600D0240040A71A /* Info.plist */,
			);
			path = "window-shopper1";
			sourceTree = "<group>";
		};
		3B91ACE52600D0930040A71A /* Views */ = {
			isa = PBXGroup;
			children = (
				3B91ACE62600D0B50040A71A /* CurrencyTxtField.swift */,
			);
			path = Views;
			sourceTree = "<group>";
		};
		3B91ACE92600D18F0040A71A /* Controller */ = {
			isa = PBXGroup;
			children = (
				3B91ACD42600D0220040A71A /* MainVC.swift */,
			);
			path = Controller;
			sourceTree = "<group>";
		};
/* End PBXGroup section */

/* Begin PBXNativeTarget section */
		3B91ACCC2600D0220040A71A /* window-shopper1 */ = {
			isa = PBXNativeTarget;
			buildConfigurationList = 3B91ACE12600D0240040A71A /* Build configuration list for PBXNativeTarget "window-shopper1" */;
			buildPhases = (
				3B91ACC92600D0220040A71A /* Sources */,
				3B91ACCA2600D0220040A71A /* Frameworks */,
				3B91ACCB2600D0220040A71A /* Resources */,
			);
			buildRules = (
			);
			dependencies = (
			);
			name = "window-shopper1";
			productName = "window-shopper1";
			productReference = 3B91ACCD2600D0220040A71A /* window-shopper1.app */;
			productType = "com.apple.product-type.application";
		};
/* End PBXNativeTarget section */

/* Begin PBXProject section */
		3B91ACC52600D0220040A71A /* Project object */ = {
			isa = PBXProject;
			attributes = {
				LastSwiftUpdateCheck = 1240;
				LastUpgradeCheck = 1240;
				TargetAttributes = {
					3B91ACCC2600D0220040A71A = {
						CreatedOnToolsVersion = 12.4;
					};
				};
			};
			buildConfigurationList = 3B91ACC82600D0220040A71A /* Build configuration list for PBXProject "window-shopper1" */;
			compatibilityVersion = "Xcode 9.3";
			developmentRegion = en;
			hasScannedForEncodings = 0;
			knownRegions = (
				en,
				Base,
			);
			mainGroup = 3B91ACC42600D0220040A71A;
			productRefGroup = 3B91ACCE2600D0220040A71A /* Products */;
			projectDirPath = "";
			projectRoot = "";
			targets = (
				3B91ACCC2600D0220040A71A /* window-shopper1 */,
			);
		};
/* End PBXProject section */

/* Begin PBXResourcesBuildPhase section */
		3B91ACCB2600D0220040A71A /* Resources */ = {
			isa = PBXResourcesBuildPhase;
			buildActionMask = 2147483647;
			files = (
				3B91ACDD2600D0240040A71A /* LaunchScreen.storyboard in Resources */,
				3B91ACDA2600D0240040A71A /* Assets.xcassets in Resources */,
				3B91ACD82600D0220040A71A /* Main.storyboard in Resources */,
			);
			runOnlyForDeploymentPostprocessing = 0;
		};
/* End PBXResourcesBuildPhase section */

/* Begin PBXSourcesBuildPhase section */
		3B91ACC92600D0220040A71A /* Sources */ = {
			isa = PBXSourcesBuildPhase;
			buildActionMask = 2147483647;
			files = (
				3B91ACE72600D0B50040A71A /* CurrencyTxtField.swift in Sources */,
				3B91ACD52600D0220040A71A /* MainVC.swift in Sources */,
				3B91ACD12600D0220040A71A /* AppDelegate.swift in Sources */,
				3B91ACD32600D0220040A71A /* SceneDelegate.swift in Sources */,
			);
			runOnlyForDeploymentPostprocessing = 0;
		};
/* End PBXSourcesBuildPhase section */

/* Begin PBXVariantGroup section */
		3B91ACD62600D0220040A71A /* Main.storyboard */ = {
			isa = PBXVariantGroup;
			children = (
				3B91ACD72600D0220040A71A /* Base */,
			);
			name = Main.storyboard;
			sourceTree = "<group>";
		};
		3B91ACDB2600D0240040A71A /* LaunchScreen.storyboard */ = {
			isa = PBXVariantGroup;
			children = (
				3B91ACDC2600D0240040A71A /* Base */,
			);
			name = LaunchScreen.storyboard;
			sourceTree = "<group>";
		};
/* End PBXVariantGroup section */

/* Begin XCBuildConfiguration section */
		3B91ACDF2600D0240040A71A /* Debug */ = {
			isa = XCBuildConfiguration;
			buildSettings = {
				ALWAYS_SEARCH_USER_PATHS = NO;
				CLANG_ANALYZER_NONNULL = YES;
				CLANG_ANALYZER_NUMBER_OBJECT_CONVERSION = YES_AGGRESSIVE;
				CLANG_CXX_LANGUAGE_STANDARD = "gnu++14";
				CLANG_CXX_LIBRARY = "libc++";
				CLANG_ENABLE_MODULES = YES;
				CLANG_ENABLE_OBJC_ARC = YES;
				CLANG_ENABLE_OBJC_WEAK = YES;
				CLANG_WARN_BLOCK_CAPTURE_AUTORELEASING = YES;
				CLANG_WARN_BOOL_CONVERSION = YES;
				CLANG_WARN_COMMA = YES;
				CLANG_WARN_CONSTANT_CONVERSION = YES;
				CLANG_WARN_DEPRECATED_OBJC_IMPLEMENTATIONS = YES;
				CLANG_WARN_DIRECT_OBJC_ISA_USAGE = YES_ERROR;
				CLANG_WARN_DOCUMENTATION_COMMENTS = YES;
				CLANG_WARN_EMPTY_BODY = YES;
				CLANG_WARN_ENUM_CONVERSION = YES;
				CLANG_WARN_INFINITE_RECURSION = YES;
				CLANG_WARN_INT_CONVERSION = YES;
				CLANG_WARN_NON_LITERAL_NULL_CONVERSION = YES;
				CLANG_WARN_OBJC_IMPLICIT_RETAIN_SELF = YES;
				CLANG_WARN_OBJC_LITERAL_CONVERSION = YES;
				CLANG_WARN_OBJC_ROOT_CLASS = YES_ERROR;
				CLANG_WARN_QUOTED_INCLUDE_IN_FRAMEWORK_HEADER = YES;
				CLANG_WARN_RANGE_LOOP_ANALYSIS = YES;
				CLANG_WARN_STRICT_PROTOTYPES = YES;
				CLANG_WARN_SUSPICIOUS_MOVE = YES;
				CLANG_WARN_UNGUARDED_AVAILABILITY = YES_AGGRESSIVE;
				CLANG_WARN_UNREACHABLE_CODE = YES;
				CLANG_WARN__DUPLICATE_METHOD_MATCH = YES;
				COPY_PHASE_STRIP = NO;
				DEBUG_INFORMATION_FORMAT = dwarf;
				ENABLE_STRICT_OBJC_MSGSEND = YES;
				ENABLE_TESTABILITY = YES;
				GCC_C_LANGUAGE_STANDARD = gnu11;
				GCC_DYNAMIC_NO_PIC = NO;
				GCC_NO_COMMON_BLOCKS = YES;
				GCC_OPTIMIZATION_LEVEL = 0;
				GCC_PREPROCESSOR_DEFINITIONS = (
					"DEBUG=1",
					"$(inherited)",
				);
				GCC_WARN_64_TO_32_BIT_CONVERSION = YES;
				GCC_WARN_ABOUT_RETURN_TYPE = YES_ERROR;
				GCC_WARN_UNDECLARED_SELECTOR = YES;
				GCC_WARN_UNINITIALIZED_AUTOS = YES_AGGRESSIVE;
				GCC_WARN_UNUSED_FUNCTION = YES;
				GCC_WARN_UNUSED_VARIABLE = YES;
				IPHONEOS_DEPLOYMENT_TARGET = 14.4;
				MTL_ENABLE_DEBUG_INFO = INCLUDE_SOURCE;
				MTL_FAST_MATH = YES;
				ONLY_ACTIVE_ARCH = YES;
				SDKROOT = iphoneos;
				SWIFT_ACTIVE_COMPILATION_CONDITIONS = DEBUG;
				SWIFT_OPTIMIZATION_LEVEL = "-Onone";
			};
			name = Debug;
		};
		3B91ACE02600D0240040A71A /* Release */ = {
			isa = XCBuildConfiguration;
			buildSettings = {
				ALWAYS_SEARCH_USER_PATHS = NO;
				CLANG_ANALYZER_NONNULL = YES;
				CLANG_ANALYZER_NUMBER_OBJECT_CONVERSION = YES_AGGRESSIVE;
				CLANG_CXX_LANGUAGE_STANDARD = "gnu++14";
				CLANG_CXX_LIBRARY = "libc++";
				CLANG_ENABLE_MODULES = YES;
				CLANG_ENABLE_OBJC_ARC = YES;
				CLANG_ENABLE_OBJC_WEAK = YES;
				CLANG_WARN_BLOCK_CAPTURE_AUTORELEASING = YES;
				CLANG_WARN_BOOL_CONVERSION = YES;
				CLANG_WARN_COMMA = YES;
				CLANG_WARN_CONSTANT_CONVERSION = YES;
				CLANG_WARN_DEPRECATED_OBJC_IMPLEMENTATIONS = YES;
				CLANG_WARN_DIRECT_OBJC_ISA_USAGE = YES_ERROR;
				CLANG_WARN_DOCUMENTATION_COMMENTS = YES;
				CLANG_WARN_EMPTY_BODY = YES;
				CLANG_WARN_ENUM_CONVERSION = YES;
				CLANG_WARN_INFINITE_RECURSION = YES;
				CLANG_WARN_INT_CONVERSION = YES;
				CLANG_WARN_NON_LITERAL_NULL_CONVERSION = YES;
				CLANG_WARN_OBJC_IMPLICIT_RETAIN_SELF = YES;
				CLANG_WARN_OBJC_LITERAL_CONVERSION = YES;
				CLANG_WARN_OBJC_ROOT_CLASS = YES_ERROR;
				CLANG_WARN_QUOTED_INCLUDE_IN_FRAMEWORK_HEADER = YES;
				CLANG_WARN_RANGE_LOOP_ANALYSIS = YES;
				CLANG_WARN_STRICT_PROTOTYPES = YES;
				CLANG_WARN_SUSPICIOUS_MOVE = YES;
				CLANG_WARN_UNGUARDED_AVAILABILITY = YES_AGGRESSIVE;
				CLANG_WARN_UNREACHABLE_CODE = YES;
				CLANG_WARN__DUPLICATE_METHOD_MATCH = YES;
				COPY_PHASE_STRIP = NO;
				DEBUG_INFORMATION_FORMAT = "dwarf-with-dsym";
				ENABLE_NS_ASSERTIONS = NO;
				ENABLE_STRICT_OBJC_MSGSEND = YES;
				GCC_C_LANGUAGE_STANDARD = gnu11;
				GCC_NO_COMMON_BLOCKS = YES;
				GCC_WARN_64_TO_32_BIT_CONVERSION = YES;
				GCC_WARN_ABOUT_RETURN_TYPE = YES_ERROR;
				GCC_WARN_UNDECLARED_SELECTOR = YES;
				GCC_WARN_UNINITIALIZED_AUTOS = YES_AGGRESSIVE;
				GCC_WARN_UNUSED_FUNCTION = YES;
				GCC_WARN_UNUSED_VARIABLE = YES;
				IPHONEOS_DEPLOYMENT_TARGET = 14.4;
				MTL_ENABLE_DEBUG_INFO = NO;
				MTL_FAST_MATH = YES;
				SDKROOT = iphoneos;
				SWIFT_COMPILATION_MODE = wholemodule;
				SWIFT_OPTIMIZATION_LEVEL = "-O";
				VALIDATE_PRODUCT = YES;
			};
			name = Release;
		};
		3B91ACE22600D0240040A71A /* Debug */ = {
			isa = XCBuildConfiguration;
			buildSettings = {
				ASSETCATALOG_COMPILER_APPICON_NAME = AppIcon;
				ASSETCATALOG_COMPILER_GLOBAL_ACCENT_COLOR_NAME = AccentColor;
				CODE_SIGN_STYLE = Automatic;
				DEVELOPMENT_TEAM = 7XLYQ5ZFZM;
				INFOPLIST_FILE = "window-shopper1/Info.plist";
				LD_RUNPATH_SEARCH_PATHS = (
					"$(inherited)",
					"@executable_path/Frameworks",
				);
				PRODUCT_BUNDLE_IDENTIFIER = "porta.23.window-shopper1";
				PRODUCT_NAME = "$(TARGET_NAME)";
				SWIFT_VERSION = 5.0;
				TARGETED_DEVICE_FAMILY = "1,2";
			};
			name = Debug;
		};
		3B91ACE32600D0240040A71A /* Release */ = {
			isa = XCBuildConfiguration;
			buildSettings = {
				ASSETCATALOG_COMPILER_APPICON_NAME = AppIcon;
				ASSETCATALOG_COMPILER_GLOBAL_ACCENT_COLOR_NAME = AccentColor;
				CODE_SIGN_STYLE = Automatic;
				DEVELOPMENT_TEAM = 7XLYQ5ZFZM;
				INFOPLIST_FILE = "window-shopper1/Info.plist";
				LD_RUNPATH_SEARCH_PATHS = (
					"$(inherited)",
					"@executable_path/Frameworks",
				);
				PRODUCT_BUNDLE_IDENTIFIER = "porta.23.window-shopper1";
				PRODUCT_NAME = "$(TARGET_NAME)";
				SWIFT_VERSION = 5.0;
				TARGETED_DEVICE_FAMILY = "1,2";
			};
			name = Release;
		};
/* End XCBuildConfiguration section */

/* Begin XCConfigurationList section */
		3B91ACC82600D0220040A71A /* Build configuration list for PBXProject "window-shopper1" */ = {
			isa = XCConfigurationList;
			buildConfigurations = (
				3B91ACDF2600D0240040A71A /* Debug */,
				3B91ACE02600D0240040A71A /* Release */,
			);
			defaultConfigurationIsVisible = 0;
			defaultConfigurationName = Release;
		};
		3B91ACE12600D0240040A71A /* Build configuration list for PBXNativeTarget "window-shopper1" */ = {
			isa = XCConfigurationList;
			buildConfigurations = (
				3B91ACE22600D0240040A71A /* Debug */,
				3B91ACE32600D0240040A71A /* Release */,
			);
			defaultConfigurationIsVisible = 0;
			defaultConfigurationName = Release;
		};
/* End XCConfigurationList section */
	};
	rootObject = 3B91ACC52600D0220040A71A /* Project object */;
}
